
Microsoft Visual Studio Solution File, Format Version 12.00
# Visual Studio Version 17
VisualStudioVersion = 17.0.32014.148
MinimumVisualStudioVersion = 10.0.40219.1
Project("{FAE04EC0-301F-11D3-BF4B-00C04F79EFBC}") = "AviTools 1", "AviTools 1\AviTools 1.csproj", "{59580627-D2A5-4774-AB22-5C9F24861A16}"
EndProject
Global
	GlobalSection(SolutionConfigurationPlatforms) = preSolution
		Debug|Any CPU = Debug|Any CPU
		Release|Any CPU = Release|Any CPU
	EndGlobalSection
	GlobalSection(ProjectConfigurationPlatforms) = postSolution
		{59580627-D2A5-4774-AB22-5C9F24861A16}.Debug|Any CPU.ActiveCfg = Debug|Any CPU
		{59580627-D2A5-4774-AB22-5C9F24861A16}.Debug|Any CPU.Build.0 = Debug|Any CPU
		{59580627-D2A5-4774-AB22-5C9F24861A16}.Release|Any CPU.ActiveCfg = Release|Any CPU
		{59580627-D2A5-4774-AB22-5C9F24861A16}.Release|Any CPU.Build.0 = Release|Any CPU
	EndGlobalSection
	GlobalSection(SolutionProperties) = preSolution
		HideSolutionNode = FALSE
	EndGlobalSection
	GlobalSection(ExtensibilityGlobals) = postSolution
		SolutionGuid = {BE2C216A-8FD2-4D92-9EB8-8ED97DB4FA25}
	EndGlobalSection
EndGlobal
